// !$*UTF8*$!
{
	archiveVersion = 1;
	classes = {
	};
	objectVersion = 46;
	objects = {

/* Begin PBXBuildFile section */
		4F08A38E1BDFF45E000DE4EF /* Auth.swift in Sources */ = {isa = PBXBuildFile; fileRef = 4F08A3821BDFF45E000DE4EF /* Auth.swift */; };
		4F08A38F1BDFF45E000DE4EF /* AuthAppMethod.swift in Sources */ = {isa = PBXBuildFile; fileRef = 4F08A3831BDFF45E000DE4EF /* AuthAppMethod.swift */; };
		4F08A3901BDFF45E000DE4EF /* AuthConstant.swift in Sources */ = {isa = PBXBuildFile; fileRef = 4F08A3841BDFF45E000DE4EF /* AuthConstant.swift */; };
		4F08A3911BDFF45E000DE4EF /* AuthCustom.swift in Sources */ = {isa = PBXBuildFile; fileRef = 4F08A3851BDFF45E000DE4EF /* AuthCustom.swift */; };
		4F08A3921BDFF45E000DE4EF /* AuthDefaults.swift in Sources */ = {isa = PBXBuildFile; fileRef = 4F08A3861BDFF45E000DE4EF /* AuthDefaults.swift */; };
		4F08A3931BDFF45E000DE4EF /* AuthDelegate.swift in Sources */ = {isa = PBXBuildFile; fileRef = 4F08A3871BDFF45E000DE4EF /* AuthDelegate.swift */; };
		4F08A3941BDFF45E000DE4EF /* AuthFacebook.swift in Sources */ = {isa = PBXBuildFile; fileRef = 4F08A3881BDFF45E000DE4EF /* AuthFacebook.swift */; };
		4F08A3951BDFF45E000DE4EF /* AuthGoogle.swift in Sources */ = {isa = PBXBuildFile; fileRef = 4F08A3891BDFF45E000DE4EF /* AuthGoogle.swift */; };
		4F08A3961BDFF45E000DE4EF /* AuthMethod.swift in Sources */ = {isa = PBXBuildFile; fileRef = 4F08A38A1BDFF45E000DE4EF /* AuthMethod.swift */; };
		4F08A3971BDFF45E000DE4EF /* AuthMethodType.swift in Sources */ = {isa = PBXBuildFile; fileRef = 4F08A38B1BDFF45E000DE4EF /* AuthMethodType.swift */; };
		4F08A3981BDFF45E000DE4EF /* AuthState.swift in Sources */ = {isa = PBXBuildFile; fileRef = 4F08A38C1BDFF45E000DE4EF /* AuthState.swift */; };
		4F08A3991BDFF45E000DE4EF /* AuthUser.swift in Sources */ = {isa = PBXBuildFile; fileRef = 4F08A38D1BDFF45E000DE4EF /* AuthUser.swift */; };
		4F08A39B1BDFF480000DE4EF /* AuthViewController.swift in Sources */ = {isa = PBXBuildFile; fileRef = 4F08A39A1BDFF480000DE4EF /* AuthViewController.swift */; };
		4F08A3A11BE03C3C000DE4EF /* GoogleService-Info.plist in Resources */ = {isa = PBXBuildFile; fileRef = 4F08A3A01BE03C3C000DE4EF /* GoogleService-Info.plist */; };
		4F09705F1BE348FB008D743B /* AuthLoginTextField.swift in Sources */ = {isa = PBXBuildFile; fileRef = 4F09705E1BE348FB008D743B /* AuthLoginTextField.swift */; };
		4F0970611BE356EE008D743B /* AuthLoginButton.swift in Sources */ = {isa = PBXBuildFile; fileRef = 4F0970601BE356EE008D743B /* AuthLoginButton.swift */; };
		4F23A8BF1BBBD7C7001FBCFF /* UIApplicationExtensions.swift in Sources */ = {isa = PBXBuildFile; fileRef = 4F23A8BE1BBBD7C7001FBCFF /* UIApplicationExtensions.swift */; };
		4F23A8C91BBC55C7001FBCFF /* NewBabyViewController.swift in Sources */ = {isa = PBXBuildFile; fileRef = 4F23A8C81BBC55C7001FBCFF /* NewBabyViewController.swift */; };
		4F23A8CB1BBC55DB001FBCFF /* NewTimerViewController.swift in Sources */ = {isa = PBXBuildFile; fileRef = 4F23A8CA1BBC55DB001FBCFF /* NewTimerViewController.swift */; };
		4F23A8CD1BBC55F0001FBCFF /* NewActivityViewController.swift in Sources */ = {isa = PBXBuildFile; fileRef = 4F23A8CC1BBC55F0001FBCFF /* NewActivityViewController.swift */; };
		4F23A8CF1BBC562E001FBCFF /* SyncFamilyViewController.swift in Sources */ = {isa = PBXBuildFile; fileRef = 4F23A8CE1BBC562E001FBCFF /* SyncFamilyViewController.swift */; };
		4F23A8D11BBC5729001FBCFF /* ElapsedTimeFormatter.swift in Sources */ = {isa = PBXBuildFile; fileRef = 4F23A8D01BBC5729001FBCFF /* ElapsedTimeFormatter.swift */; };
		4F23A8D31BBC5FEB001FBCFF /* MenuViewController.swift in Sources */ = {isa = PBXBuildFile; fileRef = 4F23A8D21BBC5FEB001FBCFF /* MenuViewController.swift */; };
		4F23A8D51BBC7960001FBCFF /* MenuTableViewCell.swift in Sources */ = {isa = PBXBuildFile; fileRef = 4F23A8D41BBC7960001FBCFF /* MenuTableViewCell.swift */; };
		4F446AB21BCDBEE000D0AD64 /* FBSDKCoreKit.framework in Frameworks */ = {isa = PBXBuildFile; fileRef = 4F446AAF1BCDBEE000D0AD64 /* FBSDKCoreKit.framework */; };
		4F446AB31BCDBEE000D0AD64 /* FBSDKLoginKit.framework in Frameworks */ = {isa = PBXBuildFile; fileRef = 4F446AB01BCDBEE000D0AD64 /* FBSDKLoginKit.framework */; };
		4F446AB41BCDBEE000D0AD64 /* FBSDKShareKit.framework in Frameworks */ = {isa = PBXBuildFile; fileRef = 4F446AB11BCDBEE000D0AD64 /* FBSDKShareKit.framework */; };
		4F446ABB1BCE05E900D0AD64 /* BabySync.swift in Sources */ = {isa = PBXBuildFile; fileRef = 4F446ABA1BCE05E900D0AD64 /* BabySync.swift */; };
		4F446ABD1BCE071100D0AD64 /* JSONExtension.swift in Sources */ = {isa = PBXBuildFile; fileRef = 4F446ABC1BCE071100D0AD64 /* JSONExtension.swift */; };
		4F446ABF1BCE159B00D0AD64 /* Error.swift in Sources */ = {isa = PBXBuildFile; fileRef = 4F446ABE1BCE159B00D0AD64 /* Error.swift */; };
		4F508D751BE8A8E900EE9D1A /* NBUIKitMainThreadGuard.swift in Sources */ = {isa = PBXBuildFile; fileRef = 4F508D741BE8A8E900EE9D1A /* NBUIKitMainThreadGuard.swift */; };
		4F53D9371BBBC15100EB598F /* SourceCodePro-Regular.ttf in Resources */ = {isa = PBXBuildFile; fileRef = 4F53D9351BBBBEB800EB598F /* SourceCodePro-Regular.ttf */; };
		4FA4BE8A1BE5009700580FD3 /* TimerView.swift in Sources */ = {isa = PBXBuildFile; fileRef = 4FA4BE891BE5009700580FD3 /* TimerView.swift */; };
		4FB1B71A1BE460D2007CA316 /* StringExtension.swift in Sources */ = {isa = PBXBuildFile; fileRef = 4FB1B7191BE460D2007CA316 /* StringExtension.swift */; };
		4FB636F41BF071CB00D7EC43 /* ErrorView.swift in Sources */ = {isa = PBXBuildFile; fileRef = 4FB636F31BF071CB00D7EC43 /* ErrorView.swift */; };
		4FB636F61BF1051D00D7EC43 /* ErrorContentView.swift in Sources */ = {isa = PBXBuildFile; fileRef = 4FB636F51BF1051D00D7EC43 /* ErrorContentView.swift */; };
		4FB636F81BF10E3C00D7EC43 /* ErrorViewController.swift in Sources */ = {isa = PBXBuildFile; fileRef = 4FB636F71BF10E3C00D7EC43 /* ErrorViewController.swift */; };
		4FB801BC1BEED623007AA09B /* BabySyncConstant.swift in Sources */ = {isa = PBXBuildFile; fileRef = 4FB801BB1BEED623007AA09B /* BabySyncConstant.swift */; };
		4FB801BE1BEFA6C4007AA09B /* BabyButton.swift in Sources */ = {isa = PBXBuildFile; fileRef = 4FB801BD1BEFA6C4007AA09B /* BabyButton.swift */; };
		4FB801C01BEFAE5C007AA09B /* BabyTextField.swift in Sources */ = {isa = PBXBuildFile; fileRef = 4FB801BF1BEFAE5C007AA09B /* BabyTextField.swift */; };
		4FCEBA831BE432F1002562FB /* UIFontExtension.swift in Sources */ = {isa = PBXBuildFile; fileRef = 4FCEBA821BE432F1002562FB /* UIFontExtension.swift */; };
		4FD82E961BBB086900A06E0A /* AppDelegate.swift in Sources */ = {isa = PBXBuildFile; fileRef = 4FD82E951BBB086900A06E0A /* AppDelegate.swift */; };
		4FD82E9B1BBB086900A06E0A /* Main.storyboard in Resources */ = {isa = PBXBuildFile; fileRef = 4FD82E991BBB086900A06E0A /* Main.storyboard */; };
		4FD82E9D1BBB086900A06E0A /* Assets.xcassets in Resources */ = {isa = PBXBuildFile; fileRef = 4FD82E9C1BBB086900A06E0A /* Assets.xcassets */; };
		4FD82EA01BBB086900A06E0A /* LaunchScreen.storyboard in Resources */ = {isa = PBXBuildFile; fileRef = 4FD82E9E1BBB086900A06E0A /* LaunchScreen.storyboard */; };
		4FD82EC61BBB0A2A00A06E0A /* HomeViewController.swift in Sources */ = {isa = PBXBuildFile; fileRef = 4FD82EC51BBB0A2A00A06E0A /* HomeViewController.swift */; };
		4FD82EE81BBB68F800A06E0A /* SwiftyJSON.swift in Sources */ = {isa = PBXBuildFile; fileRef = 4FD82EE71BBB68F800A06E0A /* SwiftyJSON.swift */; };
		4FD82EEB1BBB6EC700A06E0A /* Baby.swift in Sources */ = {isa = PBXBuildFile; fileRef = 4FD82EEA1BBB6EC700A06E0A /* Baby.swift */; };
		4FD82EED1BBB6ECE00A06E0A /* Activity.swift in Sources */ = {isa = PBXBuildFile; fileRef = 4FD82EEC1BBB6ECE00A06E0A /* Activity.swift */; };
		4FD82EEF1BBB6ED700A06E0A /* Parent.swift in Sources */ = {isa = PBXBuildFile; fileRef = 4FD82EEE1BBB6ED700A06E0A /* Parent.swift */; };
		4FD82EF11BBB6EDF00A06E0A /* Family.swift in Sources */ = {isa = PBXBuildFile; fileRef = 4FD82EF01BBB6EDF00A06E0A /* Family.swift */; };
		4FD82EF31BBB6EE800A06E0A /* Timer.swift in Sources */ = {isa = PBXBuildFile; fileRef = 4FD82EF21BBB6EE800A06E0A /* Timer.swift */; };
		4FD82EF91BBB789600A06E0A /* ISO8601DateFormatter.swift in Sources */ = {isa = PBXBuildFile; fileRef = 4FD82EF81BBB789600A06E0A /* ISO8601DateFormatter.swift */; };
		4FD82EFC1BBB897E00A06E0A /* BabyCollectionViewCell.swift in Sources */ = {isa = PBXBuildFile; fileRef = 4FD82EFB1BBB897E00A06E0A /* BabyCollectionViewCell.swift */; };
		4FE9395D1BE2D98A00EA421C /* FACEBOLF.OTF in Resources */ = {isa = PBXBuildFile; fileRef = 4FE9395C1BE2D8AF00EA421C /* FACEBOLF.OTF */; };
		4FE9395E1BE2D98A00EA421C /* ADAM.CG PRO.otf in Resources */ = {isa = PBXBuildFile; fileRef = 4FE9395B1BE2D86C00EA421C /* ADAM.CG PRO.otf */; };
		4FE939601BE3337700EA421C /* AuthLoginWithButton.swift in Sources */ = {isa = PBXBuildFile; fileRef = 4FE9395F1BE3337700EA421C /* AuthLoginWithButton.swift */; };
		4FFAE1E11BC1898A00FB2B73 /* GETFamily_New.json in Resources */ = {isa = PBXBuildFile; fileRef = 4FFAE1E01BC1898A00FB2B73 /* GETFamily_New.json */; };
		4FFAE1E71BC1C5F600FB2B73 /* SelectIconViewController.swift in Sources */ = {isa = PBXBuildFile; fileRef = 4FFAE1E61BC1C5F600FB2B73 /* SelectIconViewController.swift */; };
		4FFAE1E91BC1E57100FB2B73 /* IconCollectionViewCell.swift in Sources */ = {isa = PBXBuildFile; fileRef = 4FFAE1E81BC1E57100FB2B73 /* IconCollectionViewCell.swift */; };
		4FFAE1EB1BC2161400FB2B73 /* BabyViewController.swift in Sources */ = {isa = PBXBuildFile; fileRef = 4FFAE1EA1BC2161400FB2B73 /* BabyViewController.swift */; };
		4FFAE1EE1BC246D100FB2B73 /* BabySyncModel.xcdatamodeld in Sources */ = {isa = PBXBuildFile; fileRef = 4FFAE1EC1BC246D100FB2B73 /* BabySyncModel.xcdatamodeld */; };
		4FFAE23F1BC269E600FB2B73 /* BabyModel+CoreDataProperties.swift in Sources */ = {isa = PBXBuildFile; fileRef = 4FFAE23D1BC269E600FB2B73 /* BabyModel+CoreDataProperties.swift */; };
		4FFAE2401BC269E600FB2B73 /* BabyModel.swift in Sources */ = {isa = PBXBuildFile; fileRef = 4FFAE23E1BC269E600FB2B73 /* BabyModel.swift */; };
		4FFDB3771BEDA09800E18113 /* TimerTableViewCell.swift in Sources */ = {isa = PBXBuildFile; fileRef = 4FFDB3761BEDA09800E18113 /* TimerTableViewCell.swift */; };
		9F1EE6A9144C98A05D3E91BB /* Pods_Baby_Sync.framework in Frameworks */ = {isa = PBXBuildFile; fileRef = 6954D39A27CD490B5C692EA7 /* Pods_Baby_Sync.framework */; settings = {ATTRIBUTES = (Weak, ); }; };
/* End PBXBuildFile section */

/* Begin PBXCopyFilesBuildPhase section */
		4FD82EE61BBB46AF00A06E0A /* Embed Frameworks */ = {
			isa = PBXCopyFilesBuildPhase;
			buildActionMask = 2147483647;
			dstPath = "";
			dstSubfolderSpec = 10;
			files = (
			);
			name = "Embed Frameworks";
			runOnlyForDeploymentPostprocessing = 0;
		};
		4FE9D2761BE0499400E1214A /* Embed PlugIns */ = {
			isa = PBXCopyFilesBuildPhase;
			buildActionMask = 2147483647;
			dstPath = "";
			dstSubfolderSpec = 13;
			files = (
			);
			name = "Embed PlugIns";
			runOnlyForDeploymentPostprocessing = 0;
		};
/* End PBXCopyFilesBuildPhase section */

/* Begin PBXFileReference section */
		4F08A3821BDFF45E000DE4EF /* Auth.swift */ = {isa = PBXFileReference; fileEncoding = 4; lastKnownFileType = sourcecode.swift; path = Auth.swift; sourceTree = "<group>"; };
		4F08A3831BDFF45E000DE4EF /* AuthAppMethod.swift */ = {isa = PBXFileReference; fileEncoding = 4; lastKnownFileType = sourcecode.swift; path = AuthAppMethod.swift; sourceTree = "<group>"; };
		4F08A3841BDFF45E000DE4EF /* AuthConstant.swift */ = {isa = PBXFileReference; fileEncoding = 4; lastKnownFileType = sourcecode.swift; path = AuthConstant.swift; sourceTree = "<group>"; };
		4F08A3851BDFF45E000DE4EF /* AuthCustom.swift */ = {isa = PBXFileReference; fileEncoding = 4; lastKnownFileType = sourcecode.swift; path = AuthCustom.swift; sourceTree = "<group>"; };
		4F08A3861BDFF45E000DE4EF /* AuthDefaults.swift */ = {isa = PBXFileReference; fileEncoding = 4; lastKnownFileType = sourcecode.swift; path = AuthDefaults.swift; sourceTree = "<group>"; };
		4F08A3871BDFF45E000DE4EF /* AuthDelegate.swift */ = {isa = PBXFileReference; fileEncoding = 4; lastKnownFileType = sourcecode.swift; path = AuthDelegate.swift; sourceTree = "<group>"; };
		4F08A3881BDFF45E000DE4EF /* AuthFacebook.swift */ = {isa = PBXFileReference; fileEncoding = 4; lastKnownFileType = sourcecode.swift; path = AuthFacebook.swift; sourceTree = "<group>"; };
		4F08A3891BDFF45E000DE4EF /* AuthGoogle.swift */ = {isa = PBXFileReference; fileEncoding = 4; lastKnownFileType = sourcecode.swift; path = AuthGoogle.swift; sourceTree = "<group>"; };
		4F08A38A1BDFF45E000DE4EF /* AuthMethod.swift */ = {isa = PBXFileReference; fileEncoding = 4; lastKnownFileType = sourcecode.swift; path = AuthMethod.swift; sourceTree = "<group>"; };
		4F08A38B1BDFF45E000DE4EF /* AuthMethodType.swift */ = {isa = PBXFileReference; fileEncoding = 4; lastKnownFileType = sourcecode.swift; path = AuthMethodType.swift; sourceTree = "<group>"; };
		4F08A38C1BDFF45E000DE4EF /* AuthState.swift */ = {isa = PBXFileReference; fileEncoding = 4; lastKnownFileType = sourcecode.swift; path = AuthState.swift; sourceTree = "<group>"; };
		4F08A38D1BDFF45E000DE4EF /* AuthUser.swift */ = {isa = PBXFileReference; fileEncoding = 4; lastKnownFileType = sourcecode.swift; path = AuthUser.swift; sourceTree = "<group>"; };
		4F08A39A1BDFF480000DE4EF /* AuthViewController.swift */ = {isa = PBXFileReference; fileEncoding = 4; lastKnownFileType = sourcecode.swift; path = AuthViewController.swift; sourceTree = "<group>"; };
		4F08A3A01BE03C3C000DE4EF /* GoogleService-Info.plist */ = {isa = PBXFileReference; fileEncoding = 4; lastKnownFileType = text.plist.xml; path = "GoogleService-Info.plist"; sourceTree = "<group>"; };
		4F09705E1BE348FB008D743B /* AuthLoginTextField.swift */ = {isa = PBXFileReference; fileEncoding = 4; lastKnownFileType = sourcecode.swift; path = AuthLoginTextField.swift; sourceTree = "<group>"; };
		4F0970601BE356EE008D743B /* AuthLoginButton.swift */ = {isa = PBXFileReference; fileEncoding = 4; lastKnownFileType = sourcecode.swift; path = AuthLoginButton.swift; sourceTree = "<group>"; };
		4F23A8BE1BBBD7C7001FBCFF /* UIApplicationExtensions.swift */ = {isa = PBXFileReference; fileEncoding = 4; lastKnownFileType = sourcecode.swift; path = UIApplicationExtensions.swift; sourceTree = "<group>"; };
		4F23A8C81BBC55C7001FBCFF /* NewBabyViewController.swift */ = {isa = PBXFileReference; fileEncoding = 4; lastKnownFileType = sourcecode.swift; path = NewBabyViewController.swift; sourceTree = "<group>"; };
		4F23A8CA1BBC55DB001FBCFF /* NewTimerViewController.swift */ = {isa = PBXFileReference; fileEncoding = 4; lastKnownFileType = sourcecode.swift; path = NewTimerViewController.swift; sourceTree = "<group>"; };
		4F23A8CC1BBC55F0001FBCFF /* NewActivityViewController.swift */ = {isa = PBXFileReference; fileEncoding = 4; lastKnownFileType = sourcecode.swift; path = NewActivityViewController.swift; sourceTree = "<group>"; };
		4F23A8CE1BBC562E001FBCFF /* SyncFamilyViewController.swift */ = {isa = PBXFileReference; fileEncoding = 4; lastKnownFileType = sourcecode.swift; path = SyncFamilyViewController.swift; sourceTree = "<group>"; };
		4F23A8D01BBC5729001FBCFF /* ElapsedTimeFormatter.swift */ = {isa = PBXFileReference; fileEncoding = 4; lastKnownFileType = sourcecode.swift; path = ElapsedTimeFormatter.swift; sourceTree = "<group>"; };
		4F23A8D21BBC5FEB001FBCFF /* MenuViewController.swift */ = {isa = PBXFileReference; fileEncoding = 4; lastKnownFileType = sourcecode.swift; path = MenuViewController.swift; sourceTree = "<group>"; };
		4F23A8D41BBC7960001FBCFF /* MenuTableViewCell.swift */ = {isa = PBXFileReference; fileEncoding = 4; lastKnownFileType = sourcecode.swift; path = MenuTableViewCell.swift; sourceTree = "<group>"; };
		4F446AAF1BCDBEE000D0AD64 /* FBSDKCoreKit.framework */ = {isa = PBXFileReference; lastKnownFileType = wrapper.framework; path = FBSDKCoreKit.framework; sourceTree = "<group>"; };
		4F446AB01BCDBEE000D0AD64 /* FBSDKLoginKit.framework */ = {isa = PBXFileReference; lastKnownFileType = wrapper.framework; path = FBSDKLoginKit.framework; sourceTree = "<group>"; };
		4F446AB11BCDBEE000D0AD64 /* FBSDKShareKit.framework */ = {isa = PBXFileReference; lastKnownFileType = wrapper.framework; path = FBSDKShareKit.framework; sourceTree = "<group>"; };
		4F446ABA1BCE05E900D0AD64 /* BabySync.swift */ = {isa = PBXFileReference; fileEncoding = 4; lastKnownFileType = sourcecode.swift; path = BabySync.swift; sourceTree = "<group>"; };
		4F446ABC1BCE071100D0AD64 /* JSONExtension.swift */ = {isa = PBXFileReference; fileEncoding = 4; lastKnownFileType = sourcecode.swift; path = JSONExtension.swift; sourceTree = "<group>"; };
		4F446ABE1BCE159B00D0AD64 /* Error.swift */ = {isa = PBXFileReference; fileEncoding = 4; lastKnownFileType = sourcecode.swift; path = Error.swift; sourceTree = "<group>"; };
		4F508D711BE8A84A00EE9D1A /* Baby Sync-Bridging-Header.h */ = {isa = PBXFileReference; lastKnownFileType = sourcecode.c.h; path = "Baby Sync-Bridging-Header.h"; sourceTree = "<group>"; };
		4F508D741BE8A8E900EE9D1A /* NBUIKitMainThreadGuard.swift */ = {isa = PBXFileReference; fileEncoding = 4; lastKnownFileType = sourcecode.swift; path = NBUIKitMainThreadGuard.swift; sourceTree = "<group>"; };
		4F53D9351BBBBEB800EB598F /* SourceCodePro-Regular.ttf */ = {isa = PBXFileReference; lastKnownFileType = file; path = "SourceCodePro-Regular.ttf"; sourceTree = "<group>"; };
		4FA4BE891BE5009700580FD3 /* TimerView.swift */ = {isa = PBXFileReference; fileEncoding = 4; lastKnownFileType = sourcecode.swift; path = TimerView.swift; sourceTree = "<group>"; };
		4FB1B7191BE460D2007CA316 /* StringExtension.swift */ = {isa = PBXFileReference; fileEncoding = 4; lastKnownFileType = sourcecode.swift; path = StringExtension.swift; sourceTree = "<group>"; };
		4FB636F31BF071CB00D7EC43 /* ErrorView.swift */ = {isa = PBXFileReference; fileEncoding = 4; lastKnownFileType = sourcecode.swift; path = ErrorView.swift; sourceTree = "<group>"; };
		4FB636F51BF1051D00D7EC43 /* ErrorContentView.swift */ = {isa = PBXFileReference; fileEncoding = 4; lastKnownFileType = sourcecode.swift; path = ErrorContentView.swift; sourceTree = "<group>"; };
		4FB636F71BF10E3C00D7EC43 /* ErrorViewController.swift */ = {isa = PBXFileReference; fileEncoding = 4; lastKnownFileType = sourcecode.swift; path = ErrorViewController.swift; sourceTree = "<group>"; };
		4FB801BB1BEED623007AA09B /* BabySyncConstant.swift */ = {isa = PBXFileReference; fileEncoding = 4; lastKnownFileType = sourcecode.swift; path = BabySyncConstant.swift; sourceTree = "<group>"; };
		4FB801BD1BEFA6C4007AA09B /* BabyButton.swift */ = {isa = PBXFileReference; fileEncoding = 4; lastKnownFileType = sourcecode.swift; path = BabyButton.swift; sourceTree = "<group>"; };
		4FB801BF1BEFAE5C007AA09B /* BabyTextField.swift */ = {isa = PBXFileReference; fileEncoding = 4; lastKnownFileType = sourcecode.swift; path = BabyTextField.swift; sourceTree = "<group>"; };
		4FCEBA821BE432F1002562FB /* UIFontExtension.swift */ = {isa = PBXFileReference; fileEncoding = 4; lastKnownFileType = sourcecode.swift; path = UIFontExtension.swift; sourceTree = "<group>"; };
		4FD82E921BBB086900A06E0A /* Baby Sync.app */ = {isa = PBXFileReference; explicitFileType = wrapper.application; includeInIndex = 0; path = "Baby Sync.app"; sourceTree = BUILT_PRODUCTS_DIR; };
		4FD82E951BBB086900A06E0A /* AppDelegate.swift */ = {isa = PBXFileReference; lastKnownFileType = sourcecode.swift; path = AppDelegate.swift; sourceTree = "<group>"; };
		4FD82E9A1BBB086900A06E0A /* Base */ = {isa = PBXFileReference; lastKnownFileType = file.storyboard; name = Base; path = Base.lproj/Main.storyboard; sourceTree = "<group>"; };
		4FD82E9C1BBB086900A06E0A /* Assets.xcassets */ = {isa = PBXFileReference; lastKnownFileType = folder.assetcatalog; path = Assets.xcassets; sourceTree = "<group>"; };
		4FD82E9F1BBB086900A06E0A /* Base */ = {isa = PBXFileReference; lastKnownFileType = file.storyboard; name = Base; path = Base.lproj/LaunchScreen.storyboard; sourceTree = "<group>"; };
		4FD82EA11BBB086900A06E0A /* Info.plist */ = {isa = PBXFileReference; lastKnownFileType = text.plist.xml; path = Info.plist; sourceTree = "<group>"; };
		4FD82EC51BBB0A2A00A06E0A /* HomeViewController.swift */ = {isa = PBXFileReference; fileEncoding = 4; lastKnownFileType = sourcecode.swift; path = HomeViewController.swift; sourceTree = "<group>"; };
		4FD82EE71BBB68F800A06E0A /* SwiftyJSON.swift */ = {isa = PBXFileReference; fileEncoding = 4; lastKnownFileType = sourcecode.swift; path = SwiftyJSON.swift; sourceTree = "<group>"; };
		4FD82EEA1BBB6EC700A06E0A /* Baby.swift */ = {isa = PBXFileReference; fileEncoding = 4; lastKnownFileType = sourcecode.swift; path = Baby.swift; sourceTree = "<group>"; };
		4FD82EEC1BBB6ECE00A06E0A /* Activity.swift */ = {isa = PBXFileReference; fileEncoding = 4; lastKnownFileType = sourcecode.swift; path = Activity.swift; sourceTree = "<group>"; };
		4FD82EEE1BBB6ED700A06E0A /* Parent.swift */ = {isa = PBXFileReference; fileEncoding = 4; lastKnownFileType = sourcecode.swift; path = Parent.swift; sourceTree = "<group>"; };
		4FD82EF01BBB6EDF00A06E0A /* Family.swift */ = {isa = PBXFileReference; fileEncoding = 4; lastKnownFileType = sourcecode.swift; path = Family.swift; sourceTree = "<group>"; };
		4FD82EF21BBB6EE800A06E0A /* Timer.swift */ = {isa = PBXFileReference; fileEncoding = 4; lastKnownFileType = sourcecode.swift; path = Timer.swift; sourceTree = "<group>"; };
		4FD82EF81BBB789600A06E0A /* ISO8601DateFormatter.swift */ = {isa = PBXFileReference; fileEncoding = 4; lastKnownFileType = sourcecode.swift; path = ISO8601DateFormatter.swift; sourceTree = "<group>"; };
		4FD82EFB1BBB897E00A06E0A /* BabyCollectionViewCell.swift */ = {isa = PBXFileReference; fileEncoding = 4; lastKnownFileType = sourcecode.swift; path = BabyCollectionViewCell.swift; sourceTree = "<group>"; };
		4FE9395B1BE2D86C00EA421C /* ADAM.CG PRO.otf */ = {isa = PBXFileReference; lastKnownFileType = file; path = "ADAM.CG PRO.otf"; sourceTree = "<group>"; };
		4FE9395C1BE2D8AF00EA421C /* FACEBOLF.OTF */ = {isa = PBXFileReference; lastKnownFileType = file; path = FACEBOLF.OTF; sourceTree = "<group>"; };
		4FE9395F1BE3337700EA421C /* AuthLoginWithButton.swift */ = {isa = PBXFileReference; fileEncoding = 4; lastKnownFileType = sourcecode.swift; path = AuthLoginWithButton.swift; sourceTree = "<group>"; };
		4FFAE1E01BC1898A00FB2B73 /* GETFamily_New.json */ = {isa = PBXFileReference; fileEncoding = 4; lastKnownFileType = text.json; path = GETFamily_New.json; sourceTree = "<group>"; };
		4FFAE1E61BC1C5F600FB2B73 /* SelectIconViewController.swift */ = {isa = PBXFileReference; fileEncoding = 4; lastKnownFileType = sourcecode.swift; path = SelectIconViewController.swift; sourceTree = "<group>"; };
		4FFAE1E81BC1E57100FB2B73 /* IconCollectionViewCell.swift */ = {isa = PBXFileReference; fileEncoding = 4; lastKnownFileType = sourcecode.swift; path = IconCollectionViewCell.swift; sourceTree = "<group>"; };
		4FFAE1EA1BC2161400FB2B73 /* BabyViewController.swift */ = {isa = PBXFileReference; fileEncoding = 4; lastKnownFileType = sourcecode.swift; path = BabyViewController.swift; sourceTree = "<group>"; };
		4FFAE1ED1BC246D100FB2B73 /* BabySyncModel.xcdatamodel */ = {isa = PBXFileReference; lastKnownFileType = wrapper.xcdatamodel; path = BabySyncModel.xcdatamodel; sourceTree = "<group>"; };
		4FFAE23D1BC269E600FB2B73 /* BabyModel+CoreDataProperties.swift */ = {isa = PBXFileReference; fileEncoding = 4; lastKnownFileType = sourcecode.swift; name = "BabyModel+CoreDataProperties.swift"; path = "../BabyModel+CoreDataProperties.swift"; sourceTree = "<group>"; };
		4FFAE23E1BC269E600FB2B73 /* BabyModel.swift */ = {isa = PBXFileReference; fileEncoding = 4; lastKnownFileType = sourcecode.swift; name = BabyModel.swift; path = ../BabyModel.swift; sourceTree = "<group>"; };
		4FFDB3761BEDA09800E18113 /* TimerTableViewCell.swift */ = {isa = PBXFileReference; fileEncoding = 4; lastKnownFileType = sourcecode.swift; path = TimerTableViewCell.swift; sourceTree = "<group>"; };
		6954D39A27CD490B5C692EA7 /* Pods_Baby_Sync.framework */ = {isa = PBXFileReference; explicitFileType = wrapper.framework; includeInIndex = 0; path = Pods_Baby_Sync.framework; sourceTree = BUILT_PRODUCTS_DIR; };
		73A00B3E26825B875D04ABB0 /* Pods-Baby Sync.release.xcconfig */ = {isa = PBXFileReference; includeInIndex = 1; lastKnownFileType = text.xcconfig; name = "Pods-Baby Sync.release.xcconfig"; path = "Pods/Target Support Files/Pods-Baby Sync/Pods-Baby Sync.release.xcconfig"; sourceTree = "<group>"; };
		DB48E194E4D45DC98F24B365 /* Pods-Baby Sync.debug.xcconfig */ = {isa = PBXFileReference; includeInIndex = 1; lastKnownFileType = text.xcconfig; name = "Pods-Baby Sync.debug.xcconfig"; path = "Pods/Target Support Files/Pods-Baby Sync/Pods-Baby Sync.debug.xcconfig"; sourceTree = "<group>"; };
/* End PBXFileReference section */

/* Begin PBXFrameworksBuildPhase section */
		4FD82E8F1BBB086900A06E0A /* Frameworks */ = {
			isa = PBXFrameworksBuildPhase;
			buildActionMask = 2147483647;
			files = (
				4F446AB21BCDBEE000D0AD64 /* FBSDKCoreKit.framework in Frameworks */,
				4F446AB41BCDBEE000D0AD64 /* FBSDKShareKit.framework in Frameworks */,
				4F446AB31BCDBEE000D0AD64 /* FBSDKLoginKit.framework in Frameworks */,
				9F1EE6A9144C98A05D3E91BB /* Pods_Baby_Sync.framework in Frameworks */,
			);
			runOnlyForDeploymentPostprocessing = 0;
		};
/* End PBXFrameworksBuildPhase section */

/* Begin PBXGroup section */
		4F08A3811BDFF452000DE4EF /* Auth */ = {
			isa = PBXGroup;
			children = (
				4F08A3821BDFF45E000DE4EF /* Auth.swift */,
				4F08A3831BDFF45E000DE4EF /* AuthAppMethod.swift */,
				4F08A3841BDFF45E000DE4EF /* AuthConstant.swift */,
				4F08A3861BDFF45E000DE4EF /* AuthDefaults.swift */,
				4F08A3871BDFF45E000DE4EF /* AuthDelegate.swift */,
				4F08A3851BDFF45E000DE4EF /* AuthCustom.swift */,
				4F08A3881BDFF45E000DE4EF /* AuthFacebook.swift */,
				4F08A3891BDFF45E000DE4EF /* AuthGoogle.swift */,
				4F08A38A1BDFF45E000DE4EF /* AuthMethod.swift */,
				4F08A38B1BDFF45E000DE4EF /* AuthMethodType.swift */,
				4F08A38C1BDFF45E000DE4EF /* AuthState.swift */,
				4F08A38D1BDFF45E000DE4EF /* AuthUser.swift */,
				4F08A39A1BDFF480000DE4EF /* AuthViewController.swift */,
				4FE9395F1BE3337700EA421C /* AuthLoginWithButton.swift */,
				4F0970601BE356EE008D743B /* AuthLoginButton.swift */,
				4F09705E1BE348FB008D743B /* AuthLoginTextField.swift */,
			);
			name = Auth;
			sourceTree = "<group>";
		};
		4F23A8C41BBBD7E7001FBCFF /* Extensions */ = {
			isa = PBXGroup;
			children = (
				4F23A8BE1BBBD7C7001FBCFF /* UIApplicationExtensions.swift */,
				4F446ABC1BCE071100D0AD64 /* JSONExtension.swift */,
				4FCEBA821BE432F1002562FB /* UIFontExtension.swift */,
				4FB1B7191BE460D2007CA316 /* StringExtension.swift */,
			);
			name = Extensions;
			sourceTree = "<group>";
		};
		4F23A8C71BBC558D001FBCFF /* ViewControllers */ = {
			isa = PBXGroup;
			children = (
				4F23A8D21BBC5FEB001FBCFF /* MenuViewController.swift */,
				4FD82EC51BBB0A2A00A06E0A /* HomeViewController.swift */,
				4FFAE1EA1BC2161400FB2B73 /* BabyViewController.swift */,
				4FFAE1E61BC1C5F600FB2B73 /* SelectIconViewController.swift */,
				4F23A8C81BBC55C7001FBCFF /* NewBabyViewController.swift */,
				4F23A8CA1BBC55DB001FBCFF /* NewTimerViewController.swift */,
				4F23A8CC1BBC55F0001FBCFF /* NewActivityViewController.swift */,
				4F23A8CE1BBC562E001FBCFF /* SyncFamilyViewController.swift */,
				4FB636F71BF10E3C00D7EC43 /* ErrorViewController.swift */,
			);
			name = ViewControllers;
			sourceTree = "<group>";
		};
		4F23A8D61BBC8AA1001FBCFF /* TestData */ = {
			isa = PBXGroup;
			children = (
				4FFAE1E01BC1898A00FB2B73 /* GETFamily_New.json */,
			);
			name = TestData;
			sourceTree = "<group>";
		};
		4F446AB71BCE05C400D0AD64 /* Service */ = {
			isa = PBXGroup;
			children = (
				4F446ABA1BCE05E900D0AD64 /* BabySync.swift */,
				4FB801BB1BEED623007AA09B /* BabySyncConstant.swift */,
			);
			name = Service;
			sourceTree = "<group>";
		};
		4F53D9361BBBBEC000EB598F /* Fonts */ = {
			isa = PBXGroup;
			children = (
				4FE9395C1BE2D8AF00EA421C /* FACEBOLF.OTF */,
				4FE9395B1BE2D86C00EA421C /* ADAM.CG PRO.otf */,
				4F53D9351BBBBEB800EB598F /* SourceCodePro-Regular.ttf */,
			);
			name = Fonts;
			sourceTree = "<group>";
		};
		4FD82E891BBB086900A06E0A = {
			isa = PBXGroup;
			children = (
				4FD82E941BBB086900A06E0A /* Baby Sync */,
				4FD82E931BBB086900A06E0A /* Products */,
				E91009FE5E312EDEBCE6A6F7 /* Pods */,
				A40D782C687D34895D2B14AB /* Frameworks */,
			);
			sourceTree = "<group>";
		};
		4FD82E931BBB086900A06E0A /* Products */ = {
			isa = PBXGroup;
			children = (
				4FD82E921BBB086900A06E0A /* Baby Sync.app */,
			);
			name = Products;
			sourceTree = "<group>";
		};
		4FD82E941BBB086900A06E0A /* Baby Sync */ = {
			isa = PBXGroup;
			children = (
				4F08A3811BDFF452000DE4EF /* Auth */,
				4F446AB71BCE05C400D0AD64 /* Service */,
				4F508D741BE8A8E900EE9D1A /* NBUIKitMainThreadGuard.swift */,
				4FD82E951BBB086900A06E0A /* AppDelegate.swift */,
				4FD82E991BBB086900A06E0A /* Main.storyboard */,
				4FD82E9C1BBB086900A06E0A /* Assets.xcassets */,
				4FFAE1EC1BC246D100FB2B73 /* BabySyncModel.xcdatamodeld */,
				4FD82E9E1BBB086900A06E0A /* LaunchScreen.storyboard */,
				4FD82EA11BBB086900A06E0A /* Info.plist */,
				4F08A3A01BE03C3C000DE4EF /* GoogleService-Info.plist */,
				4F23A8C71BBC558D001FBCFF /* ViewControllers */,
				4FD82EFA1BBB895A00A06E0A /* Views */,
				4FD82EE91BBB6EB800A06E0A /* Models */,
				4FFAE2301BC24ACD00FB2B73 /* CoreData */,
				4F23A8C41BBBD7E7001FBCFF /* Extensions */,
				4F23A8D61BBC8AA1001FBCFF /* TestData */,
				4F53D9361BBBBEC000EB598F /* Fonts */,
				4F508D711BE8A84A00EE9D1A /* Baby Sync-Bridging-Header.h */,
			);
			path = "Baby Sync";
			sourceTree = "<group>";
		};
		4FD82EE91BBB6EB800A06E0A /* Models */ = {
			isa = PBXGroup;
			children = (
				4FD82EE71BBB68F800A06E0A /* SwiftyJSON.swift */,
				4FD82EEA1BBB6EC700A06E0A /* Baby.swift */,
				4FD82EEC1BBB6ECE00A06E0A /* Activity.swift */,
				4FD82EEE1BBB6ED700A06E0A /* Parent.swift */,
				4FD82EF01BBB6EDF00A06E0A /* Family.swift */,
				4FD82EF21BBB6EE800A06E0A /* Timer.swift */,
				4FD82EF81BBB789600A06E0A /* ISO8601DateFormatter.swift */,
				4F23A8D01BBC5729001FBCFF /* ElapsedTimeFormatter.swift */,
				4F446ABE1BCE159B00D0AD64 /* Error.swift */,
			);
			name = Models;
			sourceTree = "<group>";
		};
		4FD82EFA1BBB895A00A06E0A /* Views */ = {
			isa = PBXGroup;
			children = (
				4FD82EFB1BBB897E00A06E0A /* BabyCollectionViewCell.swift */,
				4FFDB3761BEDA09800E18113 /* TimerTableViewCell.swift */,
				4F23A8D41BBC7960001FBCFF /* MenuTableViewCell.swift */,
				4FFAE1E81BC1E57100FB2B73 /* IconCollectionViewCell.swift */,
				4FA4BE891BE5009700580FD3 /* TimerView.swift */,
				4FB801BD1BEFA6C4007AA09B /* BabyButton.swift */,
				4FB636F31BF071CB00D7EC43 /* ErrorView.swift */,
				4FB636F51BF1051D00D7EC43 /* ErrorContentView.swift */,
				4FB801BF1BEFAE5C007AA09B /* BabyTextField.swift */,
			);
			name = Views;
			sourceTree = "<group>";
		};
		4FFAE2301BC24ACD00FB2B73 /* CoreData */ = {
			isa = PBXGroup;
			children = (
				4FFAE23D1BC269E600FB2B73 /* BabyModel+CoreDataProperties.swift */,
				4FFAE23E1BC269E600FB2B73 /* BabyModel.swift */,
			);
			name = CoreData;
			sourceTree = "<group>";
		};
		A40D782C687D34895D2B14AB /* Frameworks */ = {
			isa = PBXGroup;
			children = (
				4F446AAF1BCDBEE000D0AD64 /* FBSDKCoreKit.framework */,
				4F446AB01BCDBEE000D0AD64 /* FBSDKLoginKit.framework */,
				4F446AB11BCDBEE000D0AD64 /* FBSDKShareKit.framework */,
				6954D39A27CD490B5C692EA7 /* Pods_Baby_Sync.framework */,
			);
			name = Frameworks;
			sourceTree = "<group>";
		};
		E91009FE5E312EDEBCE6A6F7 /* Pods */ = {
			isa = PBXGroup;
			children = (
				DB48E194E4D45DC98F24B365 /* Pods-Baby Sync.debug.xcconfig */,
				73A00B3E26825B875D04ABB0 /* Pods-Baby Sync.release.xcconfig */,
			);
			name = Pods;
			sourceTree = "<group>";
		};
/* End PBXGroup section */

/* Begin PBXNativeTarget section */
		4FD82E911BBB086900A06E0A /* Baby Sync */ = {
			isa = PBXNativeTarget;
			buildConfigurationList = 4FD82EBA1BBB086900A06E0A /* Build configuration list for PBXNativeTarget "Baby Sync" */;
			buildPhases = (
				4C4805EE06E198FD0FF5F4C8 /* Check Pods Manifest.lock */,
				4FD82E8E1BBB086900A06E0A /* Sources */,
				4FD82E8F1BBB086900A06E0A /* Frameworks */,
				4FD82E901BBB086900A06E0A /* Resources */,
				4FD82EE61BBB46AF00A06E0A /* Embed Frameworks */,
				441F789F44A06D8B0CEF5B1E /* Embed Pods Frameworks */,
				20FCF0591B9DB2F724594880 /* Copy Pods Resources */,
				4FE9D2761BE0499400E1214A /* Embed PlugIns */,
			);
			buildRules = (
			);
			dependencies = (
			);
			name = "Baby Sync";
			productName = "Baby Sync";
			productReference = 4FD82E921BBB086900A06E0A /* Baby Sync.app */;
			productType = "com.apple.product-type.application";
		};
/* End PBXNativeTarget section */

/* Begin PBXProject section */
		4FD82E8A1BBB086900A06E0A /* Project object */ = {
			isa = PBXProject;
			attributes = {
				LastSwiftUpdateCheck = 0710;
				LastUpgradeCheck = 0700;
				ORGANIZATIONNAME = "Elliott Richerson";
				TargetAttributes = {
					4FD82E911BBB086900A06E0A = {
						CreatedOnToolsVersion = 7.0;
					};
				};
			};
			buildConfigurationList = 4FD82E8D1BBB086900A06E0A /* Build configuration list for PBXProject "Baby Sync" */;
			compatibilityVersion = "Xcode 3.2";
			developmentRegion = English;
			hasScannedForEncodings = 0;
			knownRegions = (
				en,
				Base,
			);
			mainGroup = 4FD82E891BBB086900A06E0A;
			productRefGroup = 4FD82E931BBB086900A06E0A /* Products */;
			projectDirPath = "";
			projectRoot = "";
			targets = (
				4FD82E911BBB086900A06E0A /* Baby Sync */,
			);
		};
/* End PBXProject section */

/* Begin PBXResourcesBuildPhase section */
		4FD82E901BBB086900A06E0A /* Resources */ = {
			isa = PBXResourcesBuildPhase;
			buildActionMask = 2147483647;
			files = (
				4FE9395D1BE2D98A00EA421C /* FACEBOLF.OTF in Resources */,
				4FE9395E1BE2D98A00EA421C /* ADAM.CG PRO.otf in Resources */,
				4F53D9371BBBC15100EB598F /* SourceCodePro-Regular.ttf in Resources */,
				4FFAE1E11BC1898A00FB2B73 /* GETFamily_New.json in Resources */,
				4FD82EA01BBB086900A06E0A /* LaunchScreen.storyboard in Resources */,
				4FD82E9D1BBB086900A06E0A /* Assets.xcassets in Resources */,
				4FD82E9B1BBB086900A06E0A /* Main.storyboard in Resources */,
				4F08A3A11BE03C3C000DE4EF /* GoogleService-Info.plist in Resources */,
			);
			runOnlyForDeploymentPostprocessing = 0;
		};
/* End PBXResourcesBuildPhase section */

/* Begin PBXShellScriptBuildPhase section */
		20FCF0591B9DB2F724594880 /* Copy Pods Resources */ = {
			isa = PBXShellScriptBuildPhase;
			buildActionMask = 2147483647;
			files = (
			);
			inputPaths = (
			);
			name = "Copy Pods Resources";
			outputPaths = (
			);
			runOnlyForDeploymentPostprocessing = 0;
			shellPath = /bin/sh;
			shellScript = "\"${SRCROOT}/Pods/Target Support Files/Pods-Baby Sync/Pods-Baby Sync-resources.sh\"\n";
			showEnvVarsInLog = 0;
		};
		441F789F44A06D8B0CEF5B1E /* Embed Pods Frameworks */ = {
			isa = PBXShellScriptBuildPhase;
			buildActionMask = 2147483647;
			files = (
			);
			inputPaths = (
			);
			name = "Embed Pods Frameworks";
			outputPaths = (
			);
			runOnlyForDeploymentPostprocessing = 0;
			shellPath = /bin/sh;
			shellScript = "\"${SRCROOT}/Pods/Target Support Files/Pods-Baby Sync/Pods-Baby Sync-frameworks.sh\"\n";
			showEnvVarsInLog = 0;
		};
		4C4805EE06E198FD0FF5F4C8 /* Check Pods Manifest.lock */ = {
			isa = PBXShellScriptBuildPhase;
			buildActionMask = 2147483647;
			files = (
			);
			inputPaths = (
			);
			name = "Check Pods Manifest.lock";
			outputPaths = (
			);
			runOnlyForDeploymentPostprocessing = 0;
			shellPath = /bin/sh;
			shellScript = "diff \"${PODS_ROOT}/../Podfile.lock\" \"${PODS_ROOT}/Manifest.lock\" > /dev/null\nif [[ $? != 0 ]] ; then\n    cat << EOM\nerror: The sandbox is not in sync with the Podfile.lock. Run 'pod install' or update your CocoaPods installation.\nEOM\n    exit 1\nfi\n";
			showEnvVarsInLog = 0;
		};
/* End PBXShellScriptBuildPhase section */

/* Begin PBXSourcesBuildPhase section */
		4FD82E8E1BBB086900A06E0A /* Sources */ = {
			isa = PBXSourcesBuildPhase;
			buildActionMask = 2147483647;
			files = (
				4FB636F61BF1051D00D7EC43 /* ErrorContentView.swift in Sources */,
				4FFAE1EB1BC2161400FB2B73 /* BabyViewController.swift in Sources */,
				4F08A38F1BDFF45E000DE4EF /* AuthAppMethod.swift in Sources */,
				4F446ABD1BCE071100D0AD64 /* JSONExtension.swift in Sources */,
				4F23A8CB1BBC55DB001FBCFF /* NewTimerViewController.swift in Sources */,
				4FCEBA831BE432F1002562FB /* UIFontExtension.swift in Sources */,
				4F23A8D51BBC7960001FBCFF /* MenuTableViewCell.swift in Sources */,
				4FB636F81BF10E3C00D7EC43 /* ErrorViewController.swift in Sources */,
				4F08A3951BDFF45E000DE4EF /* AuthGoogle.swift in Sources */,
				4FFAE1E91BC1E57100FB2B73 /* IconCollectionViewCell.swift in Sources */,
				4FD82EEF1BBB6ED700A06E0A /* Parent.swift in Sources */,
				4FB801BC1BEED623007AA09B /* BabySyncConstant.swift in Sources */,
				4F23A8BF1BBBD7C7001FBCFF /* UIApplicationExtensions.swift in Sources */,
				4FB636F41BF071CB00D7EC43 /* ErrorView.swift in Sources */,
				4F08A3991BDFF45E000DE4EF /* AuthUser.swift in Sources */,
				4FD82EF11BBB6EDF00A06E0A /* Family.swift in Sources */,
				4F08A3941BDFF45E000DE4EF /* AuthFacebook.swift in Sources */,
				4FFAE23F1BC269E600FB2B73 /* BabyModel+CoreDataProperties.swift in Sources */,
				4FD82EF91BBB789600A06E0A /* ISO8601DateFormatter.swift in Sources */,
				4FD82EFC1BBB897E00A06E0A /* BabyCollectionViewCell.swift in Sources */,
				4F08A3911BDFF45E000DE4EF /* AuthCustom.swift in Sources */,
				4FFDB3771BEDA09800E18113 /* TimerTableViewCell.swift in Sources */,
				4FB801BE1BEFA6C4007AA09B /* BabyButton.swift in Sources */,
				4FD82EF31BBB6EE800A06E0A /* Timer.swift in Sources */,
				4FB1B71A1BE460D2007CA316 /* StringExtension.swift in Sources */,
				4F508D751BE8A8E900EE9D1A /* NBUIKitMainThreadGuard.swift in Sources */,
				4F08A3981BDFF45E000DE4EF /* AuthState.swift in Sources */,
				4FE939601BE3337700EA421C /* AuthLoginWithButton.swift in Sources */,
				4FD82EEB1BBB6EC700A06E0A /* Baby.swift in Sources */,
				4FFAE2401BC269E600FB2B73 /* BabyModel.swift in Sources */,
				4FFAE1E71BC1C5F600FB2B73 /* SelectIconViewController.swift in Sources */,
				4F09705F1BE348FB008D743B /* AuthLoginTextField.swift in Sources */,
				4F08A3921BDFF45E000DE4EF /* AuthDefaults.swift in Sources */,
				4F446ABB1BCE05E900D0AD64 /* BabySync.swift in Sources */,
				4FD82EED1BBB6ECE00A06E0A /* Activity.swift in Sources */,
				4F23A8D31BBC5FEB001FBCFF /* MenuViewController.swift in Sources */,
				4FFAE1EE1BC246D100FB2B73 /* BabySyncModel.xcdatamodeld in Sources */,
				4F23A8D11BBC5729001FBCFF /* ElapsedTimeFormatter.swift in Sources */,
				4FD82E961BBB086900A06E0A /* AppDelegate.swift in Sources */,
				4FB801C01BEFAE5C007AA09B /* BabyTextField.swift in Sources */,
				4F08A3971BDFF45E000DE4EF /* AuthMethodType.swift in Sources */,
				4F08A39B1BDFF480000DE4EF /* AuthViewController.swift in Sources */,
				4F08A3961BDFF45E000DE4EF /* AuthMethod.swift in Sources */,
				4F0970611BE356EE008D743B /* AuthLoginButton.swift in Sources */,
				4F08A3931BDFF45E000DE4EF /* AuthDelegate.swift in Sources */,
				4F23A8CD1BBC55F0001FBCFF /* NewActivityViewController.swift in Sources */,
				4F23A8CF1BBC562E001FBCFF /* SyncFamilyViewController.swift in Sources */,
				4FD82EE81BBB68F800A06E0A /* SwiftyJSON.swift in Sources */,
				4FD82EC61BBB0A2A00A06E0A /* HomeViewController.swift in Sources */,
				4F08A38E1BDFF45E000DE4EF /* Auth.swift in Sources */,
				4F446ABF1BCE159B00D0AD64 /* Error.swift in Sources */,
				4F23A8C91BBC55C7001FBCFF /* NewBabyViewController.swift in Sources */,
				4FA4BE8A1BE5009700580FD3 /* TimerView.swift in Sources */,
				4F08A3901BDFF45E000DE4EF /* AuthConstant.swift in Sources */,
			);
			runOnlyForDeploymentPostprocessing = 0;
		};
/* End PBXSourcesBuildPhase section */

/* Begin PBXVariantGroup section */
		4FD82E991BBB086900A06E0A /* Main.storyboard */ = {
			isa = PBXVariantGroup;
			children = (
				4FD82E9A1BBB086900A06E0A /* Base */,
			);
			name = Main.storyboard;
			sourceTree = "<group>";
		};
		4FD82E9E1BBB086900A06E0A /* LaunchScreen.storyboard */ = {
			isa = PBXVariantGroup;
			children = (
				4FD82E9F1BBB086900A06E0A /* Base */,
			);
			name = LaunchScreen.storyboard;
			sourceTree = "<group>";
		};
/* End PBXVariantGroup section */

/* Begin XCBuildConfiguration section */
		4FD82EB81BBB086900A06E0A /* Debug */ = {
			isa = XCBuildConfiguration;
			buildSettings = {
				ALWAYS_SEARCH_USER_PATHS = NO;
				CLANG_CXX_LANGUAGE_STANDARD = "gnu++0x";
				CLANG_CXX_LIBRARY = "libc++";
				CLANG_ENABLE_MODULES = YES;
				CLANG_ENABLE_OBJC_ARC = YES;
				CLANG_WARN_BOOL_CONVERSION = YES;
				CLANG_WARN_CONSTANT_CONVERSION = YES;
				CLANG_WARN_DIRECT_OBJC_ISA_USAGE = YES_ERROR;
				CLANG_WARN_EMPTY_BODY = YES;
				CLANG_WARN_ENUM_CONVERSION = YES;
				CLANG_WARN_INT_CONVERSION = YES;
				CLANG_WARN_OBJC_ROOT_CLASS = YES_ERROR;
				CLANG_WARN_UNREACHABLE_CODE = YES;
				CLANG_WARN__DUPLICATE_METHOD_MATCH = YES;
				"CODE_SIGN_IDENTITY[sdk=iphoneos*]" = "iPhone Developer";
				COPY_PHASE_STRIP = NO;
				DEBUG_INFORMATION_FORMAT = dwarf;
				ENABLE_STRICT_OBJC_MSGSEND = YES;
				ENABLE_TESTABILITY = YES;
				GCC_C_LANGUAGE_STANDARD = gnu99;
				GCC_DYNAMIC_NO_PIC = NO;
				GCC_NO_COMMON_BLOCKS = YES;
				GCC_OPTIMIZATION_LEVEL = 0;
				GCC_PREPROCESSOR_DEFINITIONS = (
					"DEBUG=1",
					"$(inherited)",
				);
				GCC_WARN_64_TO_32_BIT_CONVERSION = YES;
				GCC_WARN_ABOUT_RETURN_TYPE = YES_ERROR;
				GCC_WARN_UNDECLARED_SELECTOR = YES;
				GCC_WARN_UNINITIALIZED_AUTOS = YES_AGGRESSIVE;
				GCC_WARN_UNUSED_FUNCTION = YES;
				GCC_WARN_UNUSED_VARIABLE = YES;
				IPHONEOS_DEPLOYMENT_TARGET = 9.1;
				MTL_ENABLE_DEBUG_INFO = YES;
				ONLY_ACTIVE_ARCH = YES;
				OTHER_SWIFT_FLAGS = "-DDEBUG";
				SDKROOT = iphoneos;
				SWIFT_OPTIMIZATION_LEVEL = "-Onone";
				TARGETED_DEVICE_FAMILY = "1,2";
			};
			name = Debug;
		};
		4FD82EB91BBB086900A06E0A /* Release */ = {
			isa = XCBuildConfiguration;
			buildSettings = {
				ALWAYS_SEARCH_USER_PATHS = NO;
				CLANG_CXX_LANGUAGE_STANDARD = "gnu++0x";
				CLANG_CXX_LIBRARY = "libc++";
				CLANG_ENABLE_MODULES = YES;
				CLANG_ENABLE_OBJC_ARC = YES;
				CLANG_WARN_BOOL_CONVERSION = YES;
				CLANG_WARN_CONSTANT_CONVERSION = YES;
				CLANG_WARN_DIRECT_OBJC_ISA_USAGE = YES_ERROR;
				CLANG_WARN_EMPTY_BODY = YES;
				CLANG_WARN_ENUM_CONVERSION = YES;
				CLANG_WARN_INT_CONVERSION = YES;
				CLANG_WARN_OBJC_ROOT_CLASS = YES_ERROR;
				CLANG_WARN_UNREACHABLE_CODE = YES;
				CLANG_WARN__DUPLICATE_METHOD_MATCH = YES;
				"CODE_SIGN_IDENTITY[sdk=iphoneos*]" = "iPhone Developer";
				COPY_PHASE_STRIP = NO;
				DEBUG_INFORMATION_FORMAT = "dwarf-with-dsym";
				ENABLE_NS_ASSERTIONS = NO;
				ENABLE_STRICT_OBJC_MSGSEND = YES;
				GCC_C_LANGUAGE_STANDARD = gnu99;
				GCC_NO_COMMON_BLOCKS = YES;
				GCC_WARN_64_TO_32_BIT_CONVERSION = YES;
				GCC_WARN_ABOUT_RETURN_TYPE = YES_ERROR;
				GCC_WARN_UNDECLARED_SELECTOR = YES;
				GCC_WARN_UNINITIALIZED_AUTOS = YES_AGGRESSIVE;
				GCC_WARN_UNUSED_FUNCTION = YES;
				GCC_WARN_UNUSED_VARIABLE = YES;
				IPHONEOS_DEPLOYMENT_TARGET = 9.1;
				MTL_ENABLE_DEBUG_INFO = NO;
				OTHER_SWIFT_FLAGS = "-DRELEASE";
				SDKROOT = iphoneos;
				TARGETED_DEVICE_FAMILY = "1,2";
				VALIDATE_PRODUCT = YES;
			};
			name = Release;
		};
		4FD82EBB1BBB086900A06E0A /* Debug */ = {
			isa = XCBuildConfiguration;
			baseConfigurationReference = DB48E194E4D45DC98F24B365 /* Pods-Baby Sync.debug.xcconfig */;
			buildSettings = {
				ASSETCATALOG_COMPILER_APPICON_NAME = AppIcon;
				CLANG_ENABLE_MODULES = YES;
				EMBEDDED_CONTENT_CONTAINS_SWIFT = YES;
				ENABLE_BITCODE = NO;
				FRAMEWORK_SEARCH_PATHS = (
					"$(inherited)",
					"$(PROJECT_DIR)",
					"$(PROJECT_DIR)/build/Debug-iphoneos",
				);
				INFOPLIST_FILE = "Baby Sync/Info.plist";
				LD_RUNPATH_SEARCH_PATHS = "$(inherited) @executable_path/Frameworks";
				PRODUCT_BUNDLE_IDENTIFIER = "com.beyondaphelion.Baby-Sync";
				PRODUCT_NAME = "$(TARGET_NAME)";
				SWIFT_OBJC_BRIDGING_HEADER = "Baby Sync/Baby Sync-Bridging-Header.h";
				SWIFT_OPTIMIZATION_LEVEL = "-Onone";
			};
			name = Debug;
		};
		4FD82EBC1BBB086900A06E0A /* Release */ = {
			isa = XCBuildConfiguration;
			baseConfigurationReference = 73A00B3E26825B875D04ABB0 /* Pods-Baby Sync.release.xcconfig */;
			buildSettings = {
				ASSETCATALOG_COMPILER_APPICON_NAME = AppIcon;
				CLANG_ENABLE_MODULES = YES;
				EMBEDDED_CONTENT_CONTAINS_SWIFT = YES;
				ENABLE_BITCODE = NO;
				FRAMEWORK_SEARCH_PATHS = (
					"$(inherited)",
					"$(PROJECT_DIR)",
					"$(PROJECT_DIR)/build/Debug-iphoneos",
				);
				INFOPLIST_FILE = "Baby Sync/Info.plist";
				LD_RUNPATH_SEARCH_PATHS = "$(inherited) @executable_path/Frameworks";
				PRODUCT_BUNDLE_IDENTIFIER = "com.beyondaphelion.Baby-Sync";
				PRODUCT_NAME = "$(TARGET_NAME)";
				SWIFT_OBJC_BRIDGING_HEADER = "Baby Sync/Baby Sync-Bridging-Header.h";
			};
			name = Release;
		};
/* End XCBuildConfiguration section */

/* Begin XCConfigurationList section */
		4FD82E8D1BBB086900A06E0A /* Build configuration list for PBXProject "Baby Sync" */ = {
			isa = XCConfigurationList;
			buildConfigurations = (
				4FD82EB81BBB086900A06E0A /* Debug */,
				4FD82EB91BBB086900A06E0A /* Release */,
			);
			defaultConfigurationIsVisible = 0;
			defaultConfigurationName = Release;
		};
		4FD82EBA1BBB086900A06E0A /* Build configuration list for PBXNativeTarget "Baby Sync" */ = {
			isa = XCConfigurationList;
			buildConfigurations = (
				4FD82EBB1BBB086900A06E0A /* Debug */,
				4FD82EBC1BBB086900A06E0A /* Release */,
			);
			defaultConfigurationIsVisible = 0;
			defaultConfigurationName = Release;
		};
/* End XCConfigurationList section */

/* Begin XCVersionGroup section */
		4FFAE1EC1BC246D100FB2B73 /* BabySyncModel.xcdatamodeld */ = {
			isa = XCVersionGroup;
			children = (
				4FFAE1ED1BC246D100FB2B73 /* BabySyncModel.xcdatamodel */,
			);
			currentVersion = 4FFAE1ED1BC246D100FB2B73 /* BabySyncModel.xcdatamodel */;
			path = BabySyncModel.xcdatamodeld;
			sourceTree = "<group>";
			versionGroupType = wrapper.xcdatamodel;
		};
/* End XCVersionGroup section */
	};
	rootObject = 4FD82E8A1BBB086900A06E0A /* Project object */;
}
